{
  "nodes": {
    "flakelight": {
      "inputs": {
        "nixpkgs": "nixpkgs"
      },
      "locked": {
        "lastModified": 1772457021,
        "narHash": "sha256-TCVI5o3/v/fsLYZhwI7Jp52GVdNq4P/qiAP/B3ww7do=",
        "owner": "nix-community",
        "repo": "flakelight",
        "rev": "c576dab67cdcdc28e81a85f5f1c9c5743742144e",
        "type": "github"
      },
      "original": {
        "owner": "nix-community",
        "repo": "flakelight",
        "type": "github"
      }
    },
    "flakelight-treefmt": {
      "inputs": {
        "flakelight": "flakelight",
        "treefmt-nix": "treefmt-nix"
      },
      "locked": {
        "lastModified": 1772542695,
        "narHash": "sha256-HLIw6UEST0IIXpCSfRIuCtAhyy1v9owywxuYeRmA7Rc=",
        "owner": "m15a",
        "repo": "flakelight-treefmt",
        "rev": "c99d72c5b54f1d50fa2dd3a2e2f0884390ec2803",
        "type": "github"
      },
      "original": {
        "owner": "m15a",
        "repo": "flakelight-treefmt",
        "type": "github"
      }
    },
    "nixpkgs": {
      "locked": {
        "lastModified": 1772198003,
        "narHash": "sha256-I45esRSssFtJ8p/gLHUZ1OUaaTaVLluNkABkk6arQwE=",
        "owner": "NixOS",
        "repo": "nixpkgs",
        "rev": "dd9b079222d43e1943b6ebd802f04fd959dc8e61",
        "type": "github"
      },
      "original": {
        "owner": "NixOS",
        "ref": "nixos-unstable",
        "repo": "nixpkgs",
        "type": "github"
      }
    },
    "root": {
      "inputs": {
        "flakelight-treefmt": "flakelight-treefmt",
        "systems": "systems"
      }
    },
    "systems": {
      "locked": {
        "lastModified": 1681028828,
        "narHash": "sha256-Vy1rq5AaRuLzOxct8nz4T6wlgyUR7zLU309k9mBC768=",
        "owner": "nix-systems",
        "repo": "default",
        "rev": "da67096a3b9bf56a91d16901293e51ba5b49a27e",
        "type": "github"
      },
      "original": {
        "owner": "nix-systems",
        "repo": "default",
        "type": "github"
      }
    },
    "treefmt-nix": {
      "inputs": {
        "nixpkgs": [
          "flakelight-treefmt",
          "flakelight",
          "nixpkgs"
        ]
      },
      "locked": {
        "lastModified": 1770228511,
        "narHash": "sha256-wQ6NJSuFqAEmIg2VMnLdCnUc0b7vslUohqqGGD+Fyxk=",
        "owner": "numtide",
        "repo": "treefmt-nix",
        "rev": "337a4fe074be1042a35086f15481d763b8ddc0e7",
        "type": "github"
      },
      "original": {
        "owner": "numtide",
        "repo": "treefmt-nix",
        "type": "github"
      }
    }
  },
  "root": "root",
  "version": 7
}
