{
  "nodes": {
    "flakelight": {
      "inputs": {
        "nixpkgs": "nixpkgs"
      },
      "locked": {
        "lastModified": 1775481670,
        "narHash": "sha256-y/c2JCNmjeuxbSpfE4r2qN02dQX+tkfIZpwEfOlF64s=",
        "owner": "nix-community",
        "repo": "flakelight",
        "rev": "0868c446b28e412ff2a685e93856658a43c30b1f",
        "type": "github"
      },
      "original": {
        "owner": "nix-community",
        "repo": "flakelight",
        "type": "github"
      }
    },
    "flakelight-treefmt": {
      "inputs": {
        "flakelight": "flakelight",
        "treefmt-nix": "treefmt-nix"
      },
      "locked": {
        "lastModified": 1775567993,
        "narHash": "sha256-iWJIlr4LpE6+JfssnY/2fEOFvlNMgyLd+zsVfJnKa1c=",
        "owner": "m15a",
        "repo": "flakelight-treefmt",
        "rev": "de95aa9e570dd86f14254636724211e8175f444e",
        "type": "github"
      },
      "original": {
        "owner": "m15a",
        "repo": "flakelight-treefmt",
        "type": "github"
      }
    },
    "nixpkgs": {
      "locked": {
        "lastModified": 1775036866,
        "narHash": "sha256-ZojAnPuCdy657PbTq5V0Y+AHKhZAIwSIT2cb8UgAz/U=",
        "owner": "NixOS",
        "repo": "nixpkgs",
        "rev": "6201e203d09599479a3b3450ed24fa81537ebc4e",
        "type": "github"
      },
      "original": {
        "owner": "NixOS",
        "ref": "nixos-unstable",
        "repo": "nixpkgs",
        "type": "github"
      }
    },
    "root": {
      "inputs": {
        "flakelight-treefmt": "flakelight-treefmt",
        "systems": "systems"
      }
    },
    "systems": {
      "locked": {
        "lastModified": 1681028828,
        "narHash": "sha256-Vy1rq5AaRuLzOxct8nz4T6wlgyUR7zLU309k9mBC768=",
        "owner": "nix-systems",
        "repo": "default",
        "rev": "da67096a3b9bf56a91d16901293e51ba5b49a27e",
        "type": "github"
      },
      "original": {
        "owner": "nix-systems",
        "repo": "default",
        "type": "github"
      }
    },
    "treefmt-nix": {
      "inputs": {
        "nixpkgs": [
          "flakelight-treefmt",
          "flakelight",
          "nixpkgs"
        ]
      },
      "locked": {
        "lastModified": 1775125835,
        "narHash": "sha256-2qYcPgzFhnQWchHo0SlqLHrXpux5i6ay6UHA+v2iH4U=",
        "owner": "numtide",
        "repo": "treefmt-nix",
        "rev": "75925962939880974e3ab417879daffcba36c4a3",
        "type": "github"
      },
      "original": {
        "owner": "numtide",
        "repo": "treefmt-nix",
        "type": "github"
      }
    }
  },
  "root": "root",
  "version": 7
}
